
Microsoft Visual Studio Solution File, Format Version 12.00
# Visual Studio 15
VisualStudioVersion = 15.0.28307.779
MinimumVisualStudioVersion = 10.0.40219.1
Project("{8BC9CEB8-8B4A-11D0-8D11-00A0C91BC942}") = "Chapter1_1", "Chapter1_1\Chapter1_1.vcxproj", "{80017074-F21D-440E-B5DA-10A23C0D9D72}"
EndProject
Project("{8BC9CEB8-8B4A-11D0-8D11-00A0C91BC942}") = "Chapter1_2", "Chapter1_2\Chapter1_2.vcxproj", "{C5490805-CAFC-476E-AF75-B46620177080}"
EndProject
Project("{8BC9CEB8-8B4A-11D0-8D11-00A0C91BC942}") = "Chapter1_3", "Chapter1_3\Chapter1_3.vcxproj", "{814944BD-0953-4AA5-9C74-78AA6E01D301}"
EndProject
Project("{8BC9CEB8-8B4A-11D0-8D11-00A0C91BC942}") = "Chapter1_4", "Chapter1_4\Chapter1_4.vcxproj", "{16F6122D-CB42-42FB-A55C-5F14F8A21B64}"
EndProject
Project("{8BC9CEB8-8B4A-11D0-8D11-00A0C91BC942}") = "Chapter1_5", "Chapter1_5\Chapter1_5.vcxproj", "{1FB88CA9-1E2A-4AB8-A6B1-25A69AC7EBE5}"
EndProject
Project("{8BC9CEB8-8B4A-11D0-8D11-00A0C91BC942}") = "Chapter1_6", "Chapter1_6\Chapter1_6.vcxproj", "{71B2B7B1-22C3-44BE-A01A-22FB2BC2F266}"
EndProject
Project("{8BC9CEB8-8B4A-11D0-8D11-00A0C91BC942}") = "Chapter1_7", "Chapter1_7\Chapter1_7.vcxproj", "{64210D55-7C3D-4BD7-BDA4-7CE44CE1E669}"
EndProject
Project("{8BC9CEB8-8B4A-11D0-8D11-00A0C91BC942}") = "Chapter1_8", "Chapter1_8\Chapter1_8.vcxproj", "{49EF90A4-AA96-4D67-997D-4C9CDB2D9880}"
EndProject
Project("{8BC9CEB8-8B4A-11D0-8D11-00A0C91BC942}") = "Chapter1_9", "Chapter1_9\Chapter1_9.vcxproj", "{D445335B-4D77-4D05-AA5B-DF9F7418A8DF}"
EndProject
Project("{8BC9CEB8-8B4A-11D0-8D11-00A0C91BC942}") = "Chapter1_10", "Chapter1_10\Chapter1_10.vcxproj", "{294755A1-2E12-4317-8D9F-87E41D3919C3}"
EndProject
Project("{8BC9CEB8-8B4A-11D0-8D11-00A0C91BC942}") = "Chapter1_11", "Chapter1_11\Chapter1_11.vcxproj", "{41EF73A4-2CFA-4568-AB23-141116357786}"
EndProject
Project("{8BC9CEB8-8B4A-11D0-8D11-00A0C91BC942}") = "Chapter1_12", "Chapter1_12\Chapter1_12.vcxproj", "{68FD1471-CA9A-45E5-A06C-A8085BE9E030}"
EndProject
Project("{8BC9CEB8-8B4A-11D0-8D11-00A0C91BC942}") = "Chapter1_13", "Chapter1_13\Chapter1_13.vcxproj", "{ED78371C-4E37-4BD7-8A1D-2A14246393E9}"
EndProject
Project("{8BC9CEB8-8B4A-11D0-8D11-00A0C91BC942}") = "Chapter1_14", "Chapter1_14\Chapter1_14.vcxproj", "{19A9C778-F245-4854-8940-15869EC398DB}"
EndProject
Global
	GlobalSection(SolutionConfigurationPlatforms) = preSolution
		Debug|x64 = Debug|x64
		Debug|x86 = Debug|x86
		Release|x64 = Release|x64
		Release|x86 = Release|x86
	EndGlobalSection
	GlobalSection(ProjectConfigurationPlatforms) = postSolution
		{80017074-F21D-440E-B5DA-10A23C0D9D72}.Debug|x64.ActiveCfg = Debug|x64
		{80017074-F21D-440E-B5DA-10A23C0D9D72}.Debug|x64.Build.0 = Debug|x64
		{80017074-F21D-440E-B5DA-10A23C0D9D72}.Debug|x86.ActiveCfg = Debug|Win32
		{80017074-F21D-440E-B5DA-10A23C0D9D72}.Debug|x86.Build.0 = Debug|Win32
		{80017074-F21D-440E-B5DA-10A23C0D9D72}.Release|x64.ActiveCfg = Release|x64
		{80017074-F21D-440E-B5DA-10A23C0D9D72}.Release|x64.Build.0 = Release|x64
		{80017074-F21D-440E-B5DA-10A23C0D9D72}.Release|x86.ActiveCfg = Release|Win32
		{80017074-F21D-440E-B5DA-10A23C0D9D72}.Release|x86.Build.0 = Release|Win32
		{C5490805-CAFC-476E-AF75-B46620177080}.Debug|x64.ActiveCfg = Debug|x64
		{C5490805-CAFC-476E-AF75-B46620177080}.Debug|x64.Build.0 = Debug|x64
		{C5490805-CAFC-476E-AF75-B46620177080}.Debug|x86.ActiveCfg = Debug|Win32
		{C5490805-CAFC-476E-AF75-B46620177080}.Debug|x86.Build.0 = Debug|Win32
		{C5490805-CAFC-476E-AF75-B46620177080}.Release|x64.ActiveCfg = Release|x64
		{C5490805-CAFC-476E-AF75-B46620177080}.Release|x64.Build.0 = Release|x64
		{C5490805-CAFC-476E-AF75-B46620177080}.Release|x86.ActiveCfg = Release|Win32
		{C5490805-CAFC-476E-AF75-B46620177080}.Release|x86.Build.0 = Release|Win32
		{814944BD-0953-4AA5-9C74-78AA6E01D301}.Debug|x64.ActiveCfg = Debug|x64
		{814944BD-0953-4AA5-9C74-78AA6E01D301}.Debug|x64.Build.0 = Debug|x64
		{814944BD-0953-4AA5-9C74-78AA6E01D301}.Debug|x86.ActiveCfg = Debug|Win32
		{814944BD-0953-4AA5-9C74-78AA6E01D301}.Debug|x86.Build.0 = Debug|Win32
		{814944BD-0953-4AA5-9C74-78AA6E01D301}.Release|x64.ActiveCfg = Release|x64
		{814944BD-0953-4AA5-9C74-78AA6E01D301}.Release|x64.Build.0 = Release|x64
		{814944BD-0953-4AA5-9C74-78AA6E01D301}.Release|x86.ActiveCfg = Release|Win32
		{814944BD-0953-4AA5-9C74-78AA6E01D301}.Release|x86.Build.0 = Release|Win32
		{16F6122D-CB42-42FB-A55C-5F14F8A21B64}.Debug|x64.ActiveCfg = Debug|x64
		{16F6122D-CB42-42FB-A55C-5F14F8A21B64}.Debug|x64.Build.0 = Debug|x64
		{16F6122D-CB42-42FB-A55C-5F14F8A21B64}.Debug|x86.ActiveCfg = Debug|Win32
		{16F6122D-CB42-42FB-A55C-5F14F8A21B64}.Debug|x86.Build.0 = Debug|Win32
		{16F6122D-CB42-42FB-A55C-5F14F8A21B64}.Release|x64.ActiveCfg = Release|x64
		{16F6122D-CB42-42FB-A55C-5F14F8A21B64}.Release|x64.Build.0 = Release|x64
		{16F6122D-CB42-42FB-A55C-5F14F8A21B64}.Release|x86.ActiveCfg = Release|Win32
		{16F6122D-CB42-42FB-A55C-5F14F8A21B64}.Release|x86.Build.0 = Release|Win32
		{1FB88CA9-1E2A-4AB8-A6B1-25A69AC7EBE5}.Debug|x64.ActiveCfg = Debug|x64
		{1FB88CA9-1E2A-4AB8-A6B1-25A69AC7EBE5}.Debug|x64.Build.0 = Debug|x64
		{1FB88CA9-1E2A-4AB8-A6B1-25A69AC7EBE5}.Debug|x86.ActiveCfg = Debug|Win32
		{1FB88CA9-1E2A-4AB8-A6B1-25A69AC7EBE5}.Debug|x86.Build.0 = Debug|Win32
		{1FB88CA9-1E2A-4AB8-A6B1-25A69AC7EBE5}.Release|x64.ActiveCfg = Release|x64
		{1FB88CA9-1E2A-4AB8-A6B1-25A69AC7EBE5}.Release|x64.Build.0 = Release|x64
		{1FB88CA9-1E2A-4AB8-A6B1-25A69AC7EBE5}.Release|x86.ActiveCfg = Release|Win32
		{1FB88CA9-1E2A-4AB8-A6B1-25A69AC7EBE5}.Release|x86.Build.0 = Release|Win32
		{71B2B7B1-22C3-44BE-A01A-22FB2BC2F266}.Debug|x64.ActiveCfg = Debug|x64
		{71B2B7B1-22C3-44BE-A01A-22FB2BC2F266}.Debug|x64.Build.0 = Debug|x64
		{71B2B7B1-22C3-44BE-A01A-22FB2BC2F266}.Debug|x86.ActiveCfg = Debug|Win32
		{71B2B7B1-22C3-44BE-A01A-22FB2BC2F266}.Debug|x86.Build.0 = Debug|Win32
		{71B2B7B1-22C3-44BE-A01A-22FB2BC2F266}.Release|x64.ActiveCfg = Release|x64
		{71B2B7B1-22C3-44BE-A01A-22FB2BC2F266}.Release|x64.Build.0 = Release|x64
		{71B2B7B1-22C3-44BE-A01A-22FB2BC2F266}.Release|x86.ActiveCfg = Release|Win32
		{71B2B7B1-22C3-44BE-A01A-22FB2BC2F266}.Release|x86.Build.0 = Release|Win32
		{64210D55-7C3D-4BD7-BDA4-7CE44CE1E669}.Debug|x64.ActiveCfg = Debug|x64
		{64210D55-7C3D-4BD7-BDA4-7CE44CE1E669}.Debug|x64.Build.0 = Debug|x64
		{64210D55-7C3D-4BD7-BDA4-7CE44CE1E669}.Debug|x86.ActiveCfg = Debug|Win32
		{64210D55-7C3D-4BD7-BDA4-7CE44CE1E669}.Debug|x86.Build.0 = Debug|Win32
		{64210D55-7C3D-4BD7-BDA4-7CE44CE1E669}.Release|x64.ActiveCfg = Release|x64
		{64210D55-7C3D-4BD7-BDA4-7CE44CE1E669}.Release|x64.Build.0 = Release|x64
		{64210D55-7C3D-4BD7-BDA4-7CE44CE1E669}.Release|x86.ActiveCfg = Release|Win32
		{64210D55-7C3D-4BD7-BDA4-7CE44CE1E669}.Release|x86.Build.0 = Release|Win32
		{49EF90A4-AA96-4D67-997D-4C9CDB2D9880}.Debug|x64.ActiveCfg = Debug|x64
		{49EF90A4-AA96-4D67-997D-4C9CDB2D9880}.Debug|x64.Build.0 = Debug|x64
		{49EF90A4-AA96-4D67-997D-4C9CDB2D9880}.Debug|x86.ActiveCfg = Debug|Win32
		{49EF90A4-AA96-4D67-997D-4C9CDB2D9880}.Debug|x86.Build.0 = Debug|Win32
		{49EF90A4-AA96-4D67-997D-4C9CDB2D9880}.Release|x64.ActiveCfg = Release|x64
		{49EF90A4-AA96-4D67-997D-4C9CDB2D9880}.Release|x64.Build.0 = Release|x64
		{49EF90A4-AA96-4D67-997D-4C9CDB2D9880}.Release|x86.ActiveCfg = Release|Win32
		{49EF90A4-AA96-4D67-997D-4C9CDB2D9880}.Release|x86.Build.0 = Release|Win32
		{D445335B-4D77-4D05-AA5B-DF9F7418A8DF}.Debug|x64.ActiveCfg = Debug|x64
		{D445335B-4D77-4D05-AA5B-DF9F7418A8DF}.Debug|x64.Build.0 = Debug|x64
		{D445335B-4D77-4D05-AA5B-DF9F7418A8DF}.Debug|x86.ActiveCfg = Debug|Win32
		{D445335B-4D77-4D05-AA5B-DF9F7418A8DF}.Debug|x86.Build.0 = Debug|Win32
		{D445335B-4D77-4D05-AA5B-DF9F7418A8DF}.Release|x64.ActiveCfg = Release|x64
		{D445335B-4D77-4D05-AA5B-DF9F7418A8DF}.Release|x64.Build.0 = Release|x64
		{D445335B-4D77-4D05-AA5B-DF9F7418A8DF}.Release|x86.ActiveCfg = Release|Win32
		{D445335B-4D77-4D05-AA5B-DF9F7418A8DF}.Release|x86.Build.0 = Release|Win32
		{294755A1-2E12-4317-8D9F-87E41D3919C3}.Debug|x64.ActiveCfg = Debug|x64
		{294755A1-2E12-4317-8D9F-87E41D3919C3}.Debug|x64.Build.0 = Debug|x64
		{294755A1-2E12-4317-8D9F-87E41D3919C3}.Debug|x86.ActiveCfg = Debug|Win32
		{294755A1-2E12-4317-8D9F-87E41D3919C3}.Debug|x86.Build.0 = Debug|Win32
		{294755A1-2E12-4317-8D9F-87E41D3919C3}.Release|x64.ActiveCfg = Release|x64
		{294755A1-2E12-4317-8D9F-87E41D3919C3}.Release|x64.Build.0 = Release|x64
		{294755A1-2E12-4317-8D9F-87E41D3919C3}.Release|x86.ActiveCfg = Release|Win32
		{294755A1-2E12-4317-8D9F-87E41D3919C3}.Release|x86.Build.0 = Release|Win32
		{41EF73A4-2CFA-4568-AB23-141116357786}.Debug|x64.ActiveCfg = Debug|x64
		{41EF73A4-2CFA-4568-AB23-141116357786}.Debug|x64.Build.0 = Debug|x64
		{41EF73A4-2CFA-4568-AB23-141116357786}.Debug|x86.ActiveCfg = Debug|Win32
		{41EF73A4-2CFA-4568-AB23-141116357786}.Debug|x86.Build.0 = Debug|Win32
		{41EF73A4-2CFA-4568-AB23-141116357786}.Release|x64.ActiveCfg = Release|x64
		{41EF73A4-2CFA-4568-AB23-141116357786}.Release|x64.Build.0 = Release|x64
		{41EF73A4-2CFA-4568-AB23-141116357786}.Release|x86.ActiveCfg = Release|Win32
		{41EF73A4-2CFA-4568-AB23-141116357786}.Release|x86.Build.0 = Release|Win32
		{68FD1471-CA9A-45E5-A06C-A8085BE9E030}.Debug|x64.ActiveCfg = Debug|x64
		{68FD1471-CA9A-45E5-A06C-A8085BE9E030}.Debug|x64.Build.0 = Debug|x64
		{68FD1471-CA9A-45E5-A06C-A8085BE9E030}.Debug|x86.ActiveCfg = Debug|Win32
		{68FD1471-CA9A-45E5-A06C-A8085BE9E030}.Debug|x86.Build.0 = Debug|Win32
		{68FD1471-CA9A-45E5-A06C-A8085BE9E030}.Release|x64.ActiveCfg = Release|x64
		{68FD1471-CA9A-45E5-A06C-A8085BE9E030}.Release|x64.Build.0 = Release|x64
		{68FD1471-CA9A-45E5-A06C-A8085BE9E030}.Release|x86.ActiveCfg = Release|Win32
		{68FD1471-CA9A-45E5-A06C-A8085BE9E030}.Release|x86.Build.0 = Release|Win32
		{ED78371C-4E37-4BD7-8A1D-2A14246393E9}.Debug|x64.ActiveCfg = Debug|x64
		{ED78371C-4E37-4BD7-8A1D-2A14246393E9}.Debug|x64.Build.0 = Debug|x64
		{ED78371C-4E37-4BD7-8A1D-2A14246393E9}.Debug|x86.ActiveCfg = Debug|Win32
		{ED78371C-4E37-4BD7-8A1D-2A14246393E9}.Debug|x86.Build.0 = Debug|Win32
		{ED78371C-4E37-4BD7-8A1D-2A14246393E9}.Release|x64.ActiveCfg = Release|x64
		{ED78371C-4E37-4BD7-8A1D-2A14246393E9}.Release|x64.Build.0 = Release|x64
		{ED78371C-4E37-4BD7-8A1D-2A14246393E9}.Release|x86.ActiveCfg = Release|Win32
		{ED78371C-4E37-4BD7-8A1D-2A14246393E9}.Release|x86.Build.0 = Release|Win32
		{19A9C778-F245-4854-8940-15869EC398DB}.Debug|x64.ActiveCfg = Debug|x64
		{19A9C778-F245-4854-8940-15869EC398DB}.Debug|x64.Build.0 = Debug|x64
		{19A9C778-F245-4854-8940-15869EC398DB}.Debug|x86.ActiveCfg = Debug|Win32
		{19A9C778-F245-4854-8940-15869EC398DB}.Debug|x86.Build.0 = Debug|Win32
		{19A9C778-F245-4854-8940-15869EC398DB}.Release|x64.ActiveCfg = Release|x64
		{19A9C778-F245-4854-8940-15869EC398DB}.Release|x64.Build.0 = Release|x64
		{19A9C778-F245-4854-8940-15869EC398DB}.Release|x86.ActiveCfg = Release|Win32
		{19A9C778-F245-4854-8940-15869EC398DB}.Release|x86.Build.0 = Release|Win32
	EndGlobalSection
	GlobalSection(SolutionProperties) = preSolution
		HideSolutionNode = FALSE
	EndGlobalSection
	GlobalSection(ExtensibilityGlobals) = postSolution
		SolutionGuid = {70E98969-2F54-4CAD-B7D5-42F130583979}
	EndGlobalSection
EndGlobal
