
Microsoft Visual Studio Solution File, Format Version 12.00
# Visual Studio 15
VisualStudioVersion = 15.0.28307.779
MinimumVisualStudioVersion = 10.0.40219.1
Project("{8BC9CEB8-8B4A-11D0-8D11-00A0C91BC942}") = "Chapter1_1", "Chapter1_1\Chapter1_1.vcxproj", "{80017074-F21D-440E-B5DA-10A23C0D9D72}"
EndProject
Project("{8BC9CEB8-8B4A-11D0-8D11-00A0C91BC942}") = "Chapter1_2", "Chapter1_2\Chapter1_2.vcxproj", "{C5490805-CAFC-476E-AF75-B46620177080}"
EndProject
Project("{8BC9CEB8-8B4A-11D0-8D11-00A0C91BC942}") = "Chapter1_3", "Chapter1_3\Chapter1_3.vcxproj", "{814944BD-0953-4AA5-9C74-78AA6E01D301}"
EndProject
Project("{8BC9CEB8-8B4A-11D0-8D11-00A0C91BC942}") = "Chapter1_4", "Chapter1_4\Chapter1_4.vcxproj", "{16F6122D-CB42-42FB-A55C-5F14F8A21B64}"
EndProject
Project("{8BC9CEB8-8B4A-11D0-8D11-00A0C91BC942}") = "Chapter1_5", "Chapter1_5\Chapter1_5.vcxproj", "{1FB88CA9-1E2A-4AB8-A6B1-25A69AC7EBE5}"
EndProject
Project("{8BC9CEB8-8B4A-11D0-8D11-00A0C91BC942}") = "Chapter1_6", "Chapter1_6\Chapter1_6.vcxproj", "{71B2B7B1-22C3-44BE-A01A-22FB2BC2F266}"
EndProject
Project("{8BC9CEB8-8B4A-11D0-8D11-00A0C91BC942}") = "Chapter1_7", "Chapter1_7\Chapter1_7.vcxproj", "{64210D55-7C3D-4BD7-BDA4-7CE44CE1E669}"
EndProject
Project("{8BC9CEB8-8B4A-11D0-8D11-00A0C91BC942}") = "Chapter1_8", "Chapter1_8\Chapter1_8.vcxproj", "{49EF90A4-AA96-4D67-997D-4C9CDB2D9880}"
EndProject
Project("{8BC9CEB8-8B4A-11D0-8D11-00A0C91BC942}") = "Chapter1_9", "Chapter1_9\Chapter1_9.vcxproj", "{D445335B-4D77-4D05-AA5B-DF9F7418A8DF}"
EndProject
Project("{8BC9CEB8-8B4A-11D0-8D11-00A0C91BC942}") = "Chapter1_10", "Chapter1_10\Chapter1_10.vcxproj", "{294755A1-2E12-4317-8D9F-87E41D3919C3}"
EndProject
Project("{8BC9CEB8-8B4A-11D0-8D11-00A0C91BC942}") = "Chapter1_11", "Chapter1_11\Chapter1_11.vcxproj", "{41EF73A4-2CFA-4568-AB23-141116357786}"
EndProject
Project("{8BC9CEB8-8B4A-11D0-8D11-00A0C91BC942}") = "Chapter1_12", "Chapter1_12\Chapter1_12.vcxproj", "{68FD1471-CA9A-45E5-A06C-A8085BE9E030}"
EndProject
Project("{8BC9CEB8-8B4A-11D0-8D11-00A0C91BC942}") = "Chapter1_13", "Chapter1_13\Chapter1_13.vcxproj", "{ED78371C-4E37-4BD7-8A1D-2A14246393E9}"
EndProject
Project("{8BC9CEB8-8B4A-11D0-8D11-00A0C91BC942}") = "Chapter1_14", "Chapter1_14\Chapter1_14.vcxproj", "{19A9C778-F245-4854-8940-15869EC398DB}"
EndProject
Project("{8BC9CEB8-8B4A-11D0-8D11-00A0C91BC942}") = "Chapter2_2", "Chapter2_2\Chapter2_2.vcxproj", "{314BF3C4-D009-4EBE-87BF-2B9091049570}"
EndProject
Project("{8BC9CEB8-8B4A-11D0-8D11-00A0C91BC942}") = "Chapter2_3", "Chapter2_3\Chapter2_3.vcxproj", "{02E72EAF-715B-4F3F-87CC-8CA7CE993E14}"
EndProject
Project("{8BC9CEB8-8B4A-11D0-8D11-00A0C91BC942}") = "Chapter2_4", "Chapter2_4\Chapter2_4.vcxproj", "{CFD8C054-9786-49F6-8AA7-2BAED2F380EE}"
EndProject
Project("{8BC9CEB8-8B4A-11D0-8D11-00A0C91BC942}") = "Chapter2_5", "Chapter2_5\Chapter2_5.vcxproj", "{3668DBFC-FB4E-4994-A4BF-3CB0B8C2B7BD}"
EndProject
Project("{8BC9CEB8-8B4A-11D0-8D11-00A0C91BC942}") = "Chapter2_6", "Chapter2_6\Chapter2_6.vcxproj", "{482A8DD8-F295-4F65-8FFC-CC849F518A40}"
EndProject
Project("{8BC9CEB8-8B4A-11D0-8D11-00A0C91BC942}") = "Chapter2_7", "Chapter2_7\Chapter2_7.vcxproj", "{E8B3B96C-ABDD-40E8-8172-92F9FE0A8870}"
EndProject
Project("{8BC9CEB8-8B4A-11D0-8D11-00A0C91BC942}") = "Chapter2_8", "Chapter2_8\Chapter2_8.vcxproj", "{5F8FD1A3-827B-4209-B11D-2101C038B3B7}"
EndProject
Project("{8BC9CEB8-8B4A-11D0-8D11-00A0C91BC942}") = "Chapter2_9", "Chapter2_9\Chapter2_9.vcxproj", "{11EA86DE-D2AF-4DB1-B2C3-50BDC0175B2C}"
EndProject
Project("{8BC9CEB8-8B4A-11D0-8D11-00A0C91BC942}") = "Chapter3_1", "Chapter3_1\Chapter3_1.vcxproj", "{A501909F-9364-47C3-9256-64AF0D3137FC}"
EndProject
Project("{8BC9CEB8-8B4A-11D0-8D11-00A0C91BC942}") = "Chapter3_2", "Chapter3_2\Chapter3_2.vcxproj", "{C308E60A-DA06-4D08-AF62-4045BB0B3D41}"
EndProject
Project("{8BC9CEB8-8B4A-11D0-8D11-00A0C91BC942}") = "Chapter3_3", "Chapter3_3\Chapter3_3.vcxproj", "{541880AB-4859-4D85-A7C9-25D9B2C7A2ED}"
EndProject
Project("{8BC9CEB8-8B4A-11D0-8D11-00A0C91BC942}") = "Chapter3_4", "Chapter3_4\Chapter3_4.vcxproj", "{D5C08195-58F0-4FE4-9135-569C67EF4917}"
EndProject
Project("{8BC9CEB8-8B4A-11D0-8D11-00A0C91BC942}") = "Chapter3_5", "Chapter3_5\Chapter3_5.vcxproj", "{BD0C22E5-0A1B-432F-86A8-B24260900BCC}"
EndProject
Project("{8BC9CEB8-8B4A-11D0-8D11-00A0C91BC942}") = "Chapter2_1", "Chapter2_1\Chapter2_1.vcxproj", "{B129867A-0C99-469F-95AA-1B2D199F2C6B}"
EndProject
Project("{8BC9CEB8-8B4A-11D0-8D11-00A0C91BC942}") = "Chapter3_6", "Chapter3_6\Chapter3_6.vcxproj", "{2FE839BC-687B-4309-B8AB-CBD56D3A39D8}"
EndProject
Project("{8BC9CEB8-8B4A-11D0-8D11-00A0C91BC942}") = "Chapter3_7", "Chapter3_7\Chapter3_7.vcxproj", "{A4C4659F-46D5-4CB6-A641-C650827885F8}"
EndProject
Project("{8BC9CEB8-8B4A-11D0-8D11-00A0C91BC942}") = "Chapter3_8", "Chapter3_8\Chapter3_8.vcxproj", "{8143C077-473E-4E88-B758-9DE7A3AF4183}"
EndProject
Project("{8BC9CEB8-8B4A-11D0-8D11-00A0C91BC942}") = "Chapter3_9", "Chapter3_9\Chapter3_9.vcxproj", "{61A0E0A9-26C6-4F71-9DE6-A910D39AE68D}"
EndProject
Project("{8BC9CEB8-8B4A-11D0-8D11-00A0C91BC942}") = "Chapter4_1", "Chapter4_1\Chapter4_1.vcxproj", "{97314765-37FD-4484-A16A-DBACDA0CAD2A}"
EndProject
Project("{8BC9CEB8-8B4A-11D0-8D11-00A0C91BC942}") = "Chapter4_2", "Chapter4_2\Chapter4_2.vcxproj", "{3F61985C-A6F9-4B3F-A168-87CDE0DE6C31}"
EndProject
Global
	GlobalSection(SolutionConfigurationPlatforms) = preSolution
		Debug|x64 = Debug|x64
		Debug|x86 = Debug|x86
		Release|x64 = Release|x64
		Release|x86 = Release|x86
	EndGlobalSection
	GlobalSection(ProjectConfigurationPlatforms) = postSolution
		{80017074-F21D-440E-B5DA-10A23C0D9D72}.Debug|x64.ActiveCfg = Debug|x64
		{80017074-F21D-440E-B5DA-10A23C0D9D72}.Debug|x64.Build.0 = Debug|x64
		{80017074-F21D-440E-B5DA-10A23C0D9D72}.Debug|x86.ActiveCfg = Debug|Win32
		{80017074-F21D-440E-B5DA-10A23C0D9D72}.Debug|x86.Build.0 = Debug|Win32
		{80017074-F21D-440E-B5DA-10A23C0D9D72}.Release|x64.ActiveCfg = Release|x64
		{80017074-F21D-440E-B5DA-10A23C0D9D72}.Release|x64.Build.0 = Release|x64
		{80017074-F21D-440E-B5DA-10A23C0D9D72}.Release|x86.ActiveCfg = Release|Win32
		{80017074-F21D-440E-B5DA-10A23C0D9D72}.Release|x86.Build.0 = Release|Win32
		{C5490805-CAFC-476E-AF75-B46620177080}.Debug|x64.ActiveCfg = Debug|x64
		{C5490805-CAFC-476E-AF75-B46620177080}.Debug|x64.Build.0 = Debug|x64
		{C5490805-CAFC-476E-AF75-B46620177080}.Debug|x86.ActiveCfg = Debug|Win32
		{C5490805-CAFC-476E-AF75-B46620177080}.Debug|x86.Build.0 = Debug|Win32
		{C5490805-CAFC-476E-AF75-B46620177080}.Release|x64.ActiveCfg = Release|x64
		{C5490805-CAFC-476E-AF75-B46620177080}.Release|x64.Build.0 = Release|x64
		{C5490805-CAFC-476E-AF75-B46620177080}.Release|x86.ActiveCfg = Release|Win32
		{C5490805-CAFC-476E-AF75-B46620177080}.Release|x86.Build.0 = Release|Win32
		{814944BD-0953-4AA5-9C74-78AA6E01D301}.Debug|x64.ActiveCfg = Debug|x64
		{814944BD-0953-4AA5-9C74-78AA6E01D301}.Debug|x64.Build.0 = Debug|x64
		{814944BD-0953-4AA5-9C74-78AA6E01D301}.Debug|x86.ActiveCfg = Debug|Win32
		{814944BD-0953-4AA5-9C74-78AA6E01D301}.Debug|x86.Build.0 = Debug|Win32
		{814944BD-0953-4AA5-9C74-78AA6E01D301}.Release|x64.ActiveCfg = Release|x64
		{814944BD-0953-4AA5-9C74-78AA6E01D301}.Release|x64.Build.0 = Release|x64
		{814944BD-0953-4AA5-9C74-78AA6E01D301}.Release|x86.ActiveCfg = Release|Win32
		{814944BD-0953-4AA5-9C74-78AA6E01D301}.Release|x86.Build.0 = Release|Win32
		{16F6122D-CB42-42FB-A55C-5F14F8A21B64}.Debug|x64.ActiveCfg = Debug|x64
		{16F6122D-CB42-42FB-A55C-5F14F8A21B64}.Debug|x64.Build.0 = Debug|x64
		{16F6122D-CB42-42FB-A55C-5F14F8A21B64}.Debug|x86.ActiveCfg = Debug|Win32
		{16F6122D-CB42-42FB-A55C-5F14F8A21B64}.Debug|x86.Build.0 = Debug|Win32
		{16F6122D-CB42-42FB-A55C-5F14F8A21B64}.Release|x64.ActiveCfg = Release|x64
		{16F6122D-CB42-42FB-A55C-5F14F8A21B64}.Release|x64.Build.0 = Release|x64
		{16F6122D-CB42-42FB-A55C-5F14F8A21B64}.Release|x86.ActiveCfg = Release|Win32
		{16F6122D-CB42-42FB-A55C-5F14F8A21B64}.Release|x86.Build.0 = Release|Win32
		{1FB88CA9-1E2A-4AB8-A6B1-25A69AC7EBE5}.Debug|x64.ActiveCfg = Debug|x64
		{1FB88CA9-1E2A-4AB8-A6B1-25A69AC7EBE5}.Debug|x64.Build.0 = Debug|x64
		{1FB88CA9-1E2A-4AB8-A6B1-25A69AC7EBE5}.Debug|x86.ActiveCfg = Debug|Win32
		{1FB88CA9-1E2A-4AB8-A6B1-25A69AC7EBE5}.Debug|x86.Build.0 = Debug|Win32
		{1FB88CA9-1E2A-4AB8-A6B1-25A69AC7EBE5}.Release|x64.ActiveCfg = Release|x64
		{1FB88CA9-1E2A-4AB8-A6B1-25A69AC7EBE5}.Release|x64.Build.0 = Release|x64
		{1FB88CA9-1E2A-4AB8-A6B1-25A69AC7EBE5}.Release|x86.ActiveCfg = Release|Win32
		{1FB88CA9-1E2A-4AB8-A6B1-25A69AC7EBE5}.Release|x86.Build.0 = Release|Win32
		{71B2B7B1-22C3-44BE-A01A-22FB2BC2F266}.Debug|x64.ActiveCfg = Debug|x64
		{71B2B7B1-22C3-44BE-A01A-22FB2BC2F266}.Debug|x64.Build.0 = Debug|x64
		{71B2B7B1-22C3-44BE-A01A-22FB2BC2F266}.Debug|x86.ActiveCfg = Debug|Win32
		{71B2B7B1-22C3-44BE-A01A-22FB2BC2F266}.Debug|x86.Build.0 = Debug|Win32
		{71B2B7B1-22C3-44BE-A01A-22FB2BC2F266}.Release|x64.ActiveCfg = Release|x64
		{71B2B7B1-22C3-44BE-A01A-22FB2BC2F266}.Release|x64.Build.0 = Release|x64
		{71B2B7B1-22C3-44BE-A01A-22FB2BC2F266}.Release|x86.ActiveCfg = Release|Win32
		{71B2B7B1-22C3-44BE-A01A-22FB2BC2F266}.Release|x86.Build.0 = Release|Win32
		{64210D55-7C3D-4BD7-BDA4-7CE44CE1E669}.Debug|x64.ActiveCfg = Debug|x64
		{64210D55-7C3D-4BD7-BDA4-7CE44CE1E669}.Debug|x64.Build.0 = Debug|x64
		{64210D55-7C3D-4BD7-BDA4-7CE44CE1E669}.Debug|x86.ActiveCfg = Debug|Win32
		{64210D55-7C3D-4BD7-BDA4-7CE44CE1E669}.Debug|x86.Build.0 = Debug|Win32
		{64210D55-7C3D-4BD7-BDA4-7CE44CE1E669}.Release|x64.ActiveCfg = Release|x64
		{64210D55-7C3D-4BD7-BDA4-7CE44CE1E669}.Release|x64.Build.0 = Release|x64
		{64210D55-7C3D-4BD7-BDA4-7CE44CE1E669}.Release|x86.ActiveCfg = Release|Win32
		{64210D55-7C3D-4BD7-BDA4-7CE44CE1E669}.Release|x86.Build.0 = Release|Win32
		{49EF90A4-AA96-4D67-997D-4C9CDB2D9880}.Debug|x64.ActiveCfg = Debug|x64
		{49EF90A4-AA96-4D67-997D-4C9CDB2D9880}.Debug|x64.Build.0 = Debug|x64
		{49EF90A4-AA96-4D67-997D-4C9CDB2D9880}.Debug|x86.ActiveCfg = Debug|Win32
		{49EF90A4-AA96-4D67-997D-4C9CDB2D9880}.Debug|x86.Build.0 = Debug|Win32
		{49EF90A4-AA96-4D67-997D-4C9CDB2D9880}.Release|x64.ActiveCfg = Release|x64
		{49EF90A4-AA96-4D67-997D-4C9CDB2D9880}.Release|x64.Build.0 = Release|x64
		{49EF90A4-AA96-4D67-997D-4C9CDB2D9880}.Release|x86.ActiveCfg = Release|Win32
		{49EF90A4-AA96-4D67-997D-4C9CDB2D9880}.Release|x86.Build.0 = Release|Win32
		{D445335B-4D77-4D05-AA5B-DF9F7418A8DF}.Debug|x64.ActiveCfg = Debug|x64
		{D445335B-4D77-4D05-AA5B-DF9F7418A8DF}.Debug|x64.Build.0 = Debug|x64
		{D445335B-4D77-4D05-AA5B-DF9F7418A8DF}.Debug|x86.ActiveCfg = Debug|Win32
		{D445335B-4D77-4D05-AA5B-DF9F7418A8DF}.Debug|x86.Build.0 = Debug|Win32
		{D445335B-4D77-4D05-AA5B-DF9F7418A8DF}.Release|x64.ActiveCfg = Release|x64
		{D445335B-4D77-4D05-AA5B-DF9F7418A8DF}.Release|x64.Build.0 = Release|x64
		{D445335B-4D77-4D05-AA5B-DF9F7418A8DF}.Release|x86.ActiveCfg = Release|Win32
		{D445335B-4D77-4D05-AA5B-DF9F7418A8DF}.Release|x86.Build.0 = Release|Win32
		{294755A1-2E12-4317-8D9F-87E41D3919C3}.Debug|x64.ActiveCfg = Debug|x64
		{294755A1-2E12-4317-8D9F-87E41D3919C3}.Debug|x64.Build.0 = Debug|x64
		{294755A1-2E12-4317-8D9F-87E41D3919C3}.Debug|x86.ActiveCfg = Debug|Win32
		{294755A1-2E12-4317-8D9F-87E41D3919C3}.Debug|x86.Build.0 = Debug|Win32
		{294755A1-2E12-4317-8D9F-87E41D3919C3}.Release|x64.ActiveCfg = Release|x64
		{294755A1-2E12-4317-8D9F-87E41D3919C3}.Release|x64.Build.0 = Release|x64
		{294755A1-2E12-4317-8D9F-87E41D3919C3}.Release|x86.ActiveCfg = Release|Win32
		{294755A1-2E12-4317-8D9F-87E41D3919C3}.Release|x86.Build.0 = Release|Win32
		{41EF73A4-2CFA-4568-AB23-141116357786}.Debug|x64.ActiveCfg = Debug|x64
		{41EF73A4-2CFA-4568-AB23-141116357786}.Debug|x64.Build.0 = Debug|x64
		{41EF73A4-2CFA-4568-AB23-141116357786}.Debug|x86.ActiveCfg = Debug|Win32
		{41EF73A4-2CFA-4568-AB23-141116357786}.Debug|x86.Build.0 = Debug|Win32
		{41EF73A4-2CFA-4568-AB23-141116357786}.Release|x64.ActiveCfg = Release|x64
		{41EF73A4-2CFA-4568-AB23-141116357786}.Release|x64.Build.0 = Release|x64
		{41EF73A4-2CFA-4568-AB23-141116357786}.Release|x86.ActiveCfg = Release|Win32
		{41EF73A4-2CFA-4568-AB23-141116357786}.Release|x86.Build.0 = Release|Win32
		{68FD1471-CA9A-45E5-A06C-A8085BE9E030}.Debug|x64.ActiveCfg = Debug|x64
		{68FD1471-CA9A-45E5-A06C-A8085BE9E030}.Debug|x64.Build.0 = Debug|x64
		{68FD1471-CA9A-45E5-A06C-A8085BE9E030}.Debug|x86.ActiveCfg = Debug|Win32
		{68FD1471-CA9A-45E5-A06C-A8085BE9E030}.Debug|x86.Build.0 = Debug|Win32
		{68FD1471-CA9A-45E5-A06C-A8085BE9E030}.Release|x64.ActiveCfg = Release|x64
		{68FD1471-CA9A-45E5-A06C-A8085BE9E030}.Release|x64.Build.0 = Release|x64
		{68FD1471-CA9A-45E5-A06C-A8085BE9E030}.Release|x86.ActiveCfg = Release|Win32
		{68FD1471-CA9A-45E5-A06C-A8085BE9E030}.Release|x86.Build.0 = Release|Win32
		{ED78371C-4E37-4BD7-8A1D-2A14246393E9}.Debug|x64.ActiveCfg = Debug|x64
		{ED78371C-4E37-4BD7-8A1D-2A14246393E9}.Debug|x64.Build.0 = Debug|x64
		{ED78371C-4E37-4BD7-8A1D-2A14246393E9}.Debug|x86.ActiveCfg = Debug|Win32
		{ED78371C-4E37-4BD7-8A1D-2A14246393E9}.Debug|x86.Build.0 = Debug|Win32
		{ED78371C-4E37-4BD7-8A1D-2A14246393E9}.Release|x64.ActiveCfg = Release|x64
		{ED78371C-4E37-4BD7-8A1D-2A14246393E9}.Release|x64.Build.0 = Release|x64
		{ED78371C-4E37-4BD7-8A1D-2A14246393E9}.Release|x86.ActiveCfg = Release|Win32
		{ED78371C-4E37-4BD7-8A1D-2A14246393E9}.Release|x86.Build.0 = Release|Win32
		{19A9C778-F245-4854-8940-15869EC398DB}.Debug|x64.ActiveCfg = Debug|x64
		{19A9C778-F245-4854-8940-15869EC398DB}.Debug|x64.Build.0 = Debug|x64
		{19A9C778-F245-4854-8940-15869EC398DB}.Debug|x86.ActiveCfg = Debug|Win32
		{19A9C778-F245-4854-8940-15869EC398DB}.Debug|x86.Build.0 = Debug|Win32
		{19A9C778-F245-4854-8940-15869EC398DB}.Release|x64.ActiveCfg = Release|x64
		{19A9C778-F245-4854-8940-15869EC398DB}.Release|x64.Build.0 = Release|x64
		{19A9C778-F245-4854-8940-15869EC398DB}.Release|x86.ActiveCfg = Release|Win32
		{19A9C778-F245-4854-8940-15869EC398DB}.Release|x86.Build.0 = Release|Win32
		{314BF3C4-D009-4EBE-87BF-2B9091049570}.Debug|x64.ActiveCfg = Debug|x64
		{314BF3C4-D009-4EBE-87BF-2B9091049570}.Debug|x64.Build.0 = Debug|x64
		{314BF3C4-D009-4EBE-87BF-2B9091049570}.Debug|x86.ActiveCfg = Debug|Win32
		{314BF3C4-D009-4EBE-87BF-2B9091049570}.Debug|x86.Build.0 = Debug|Win32
		{314BF3C4-D009-4EBE-87BF-2B9091049570}.Release|x64.ActiveCfg = Release|x64
		{314BF3C4-D009-4EBE-87BF-2B9091049570}.Release|x64.Build.0 = Release|x64
		{314BF3C4-D009-4EBE-87BF-2B9091049570}.Release|x86.ActiveCfg = Release|Win32
		{314BF3C4-D009-4EBE-87BF-2B9091049570}.Release|x86.Build.0 = Release|Win32
		{02E72EAF-715B-4F3F-87CC-8CA7CE993E14}.Debug|x64.ActiveCfg = Debug|x64
		{02E72EAF-715B-4F3F-87CC-8CA7CE993E14}.Debug|x64.Build.0 = Debug|x64
		{02E72EAF-715B-4F3F-87CC-8CA7CE993E14}.Debug|x86.ActiveCfg = Debug|Win32
		{02E72EAF-715B-4F3F-87CC-8CA7CE993E14}.Debug|x86.Build.0 = Debug|Win32
		{02E72EAF-715B-4F3F-87CC-8CA7CE993E14}.Release|x64.ActiveCfg = Release|x64
		{02E72EAF-715B-4F3F-87CC-8CA7CE993E14}.Release|x64.Build.0 = Release|x64
		{02E72EAF-715B-4F3F-87CC-8CA7CE993E14}.Release|x86.ActiveCfg = Release|Win32
		{02E72EAF-715B-4F3F-87CC-8CA7CE993E14}.Release|x86.Build.0 = Release|Win32
		{CFD8C054-9786-49F6-8AA7-2BAED2F380EE}.Debug|x64.ActiveCfg = Debug|x64
		{CFD8C054-9786-49F6-8AA7-2BAED2F380EE}.Debug|x64.Build.0 = Debug|x64
		{CFD8C054-9786-49F6-8AA7-2BAED2F380EE}.Debug|x86.ActiveCfg = Debug|Win32
		{CFD8C054-9786-49F6-8AA7-2BAED2F380EE}.Debug|x86.Build.0 = Debug|Win32
		{CFD8C054-9786-49F6-8AA7-2BAED2F380EE}.Release|x64.ActiveCfg = Release|x64
		{CFD8C054-9786-49F6-8AA7-2BAED2F380EE}.Release|x64.Build.0 = Release|x64
		{CFD8C054-9786-49F6-8AA7-2BAED2F380EE}.Release|x86.ActiveCfg = Release|Win32
		{CFD8C054-9786-49F6-8AA7-2BAED2F380EE}.Release|x86.Build.0 = Release|Win32
		{3668DBFC-FB4E-4994-A4BF-3CB0B8C2B7BD}.Debug|x64.ActiveCfg = Debug|x64
		{3668DBFC-FB4E-4994-A4BF-3CB0B8C2B7BD}.Debug|x64.Build.0 = Debug|x64
		{3668DBFC-FB4E-4994-A4BF-3CB0B8C2B7BD}.Debug|x86.ActiveCfg = Debug|Win32
		{3668DBFC-FB4E-4994-A4BF-3CB0B8C2B7BD}.Debug|x86.Build.0 = Debug|Win32
		{3668DBFC-FB4E-4994-A4BF-3CB0B8C2B7BD}.Release|x64.ActiveCfg = Release|x64
		{3668DBFC-FB4E-4994-A4BF-3CB0B8C2B7BD}.Release|x64.Build.0 = Release|x64
		{3668DBFC-FB4E-4994-A4BF-3CB0B8C2B7BD}.Release|x86.ActiveCfg = Release|Win32
		{3668DBFC-FB4E-4994-A4BF-3CB0B8C2B7BD}.Release|x86.Build.0 = Release|Win32
		{482A8DD8-F295-4F65-8FFC-CC849F518A40}.Debug|x64.ActiveCfg = Debug|x64
		{482A8DD8-F295-4F65-8FFC-CC849F518A40}.Debug|x64.Build.0 = Debug|x64
		{482A8DD8-F295-4F65-8FFC-CC849F518A40}.Debug|x86.ActiveCfg = Debug|Win32
		{482A8DD8-F295-4F65-8FFC-CC849F518A40}.Debug|x86.Build.0 = Debug|Win32
		{482A8DD8-F295-4F65-8FFC-CC849F518A40}.Release|x64.ActiveCfg = Release|x64
		{482A8DD8-F295-4F65-8FFC-CC849F518A40}.Release|x64.Build.0 = Release|x64
		{482A8DD8-F295-4F65-8FFC-CC849F518A40}.Release|x86.ActiveCfg = Release|Win32
		{482A8DD8-F295-4F65-8FFC-CC849F518A40}.Release|x86.Build.0 = Release|Win32
		{E8B3B96C-ABDD-40E8-8172-92F9FE0A8870}.Debug|x64.ActiveCfg = Debug|x64
		{E8B3B96C-ABDD-40E8-8172-92F9FE0A8870}.Debug|x64.Build.0 = Debug|x64
		{E8B3B96C-ABDD-40E8-8172-92F9FE0A8870}.Debug|x86.ActiveCfg = Debug|Win32
		{E8B3B96C-ABDD-40E8-8172-92F9FE0A8870}.Debug|x86.Build.0 = Debug|Win32
		{E8B3B96C-ABDD-40E8-8172-92F9FE0A8870}.Release|x64.ActiveCfg = Release|x64
		{E8B3B96C-ABDD-40E8-8172-92F9FE0A8870}.Release|x64.Build.0 = Release|x64
		{E8B3B96C-ABDD-40E8-8172-92F9FE0A8870}.Release|x86.ActiveCfg = Release|Win32
		{E8B3B96C-ABDD-40E8-8172-92F9FE0A8870}.Release|x86.Build.0 = Release|Win32
		{5F8FD1A3-827B-4209-B11D-2101C038B3B7}.Debug|x64.ActiveCfg = Debug|x64
		{5F8FD1A3-827B-4209-B11D-2101C038B3B7}.Debug|x64.Build.0 = Debug|x64
		{5F8FD1A3-827B-4209-B11D-2101C038B3B7}.Debug|x86.ActiveCfg = Debug|Win32
		{5F8FD1A3-827B-4209-B11D-2101C038B3B7}.Debug|x86.Build.0 = Debug|Win32
		{5F8FD1A3-827B-4209-B11D-2101C038B3B7}.Release|x64.ActiveCfg = Release|x64
		{5F8FD1A3-827B-4209-B11D-2101C038B3B7}.Release|x64.Build.0 = Release|x64
		{5F8FD1A3-827B-4209-B11D-2101C038B3B7}.Release|x86.ActiveCfg = Release|Win32
		{5F8FD1A3-827B-4209-B11D-2101C038B3B7}.Release|x86.Build.0 = Release|Win32
		{11EA86DE-D2AF-4DB1-B2C3-50BDC0175B2C}.Debug|x64.ActiveCfg = Debug|x64
		{11EA86DE-D2AF-4DB1-B2C3-50BDC0175B2C}.Debug|x64.Build.0 = Debug|x64
		{11EA86DE-D2AF-4DB1-B2C3-50BDC0175B2C}.Debug|x86.ActiveCfg = Debug|Win32
		{11EA86DE-D2AF-4DB1-B2C3-50BDC0175B2C}.Debug|x86.Build.0 = Debug|Win32
		{11EA86DE-D2AF-4DB1-B2C3-50BDC0175B2C}.Release|x64.ActiveCfg = Release|x64
		{11EA86DE-D2AF-4DB1-B2C3-50BDC0175B2C}.Release|x64.Build.0 = Release|x64
		{11EA86DE-D2AF-4DB1-B2C3-50BDC0175B2C}.Release|x86.ActiveCfg = Release|Win32
		{11EA86DE-D2AF-4DB1-B2C3-50BDC0175B2C}.Release|x86.Build.0 = Release|Win32
		{A501909F-9364-47C3-9256-64AF0D3137FC}.Debug|x64.ActiveCfg = Debug|x64
		{A501909F-9364-47C3-9256-64AF0D3137FC}.Debug|x64.Build.0 = Debug|x64
		{A501909F-9364-47C3-9256-64AF0D3137FC}.Debug|x86.ActiveCfg = Debug|Win32
		{A501909F-9364-47C3-9256-64AF0D3137FC}.Debug|x86.Build.0 = Debug|Win32
		{A501909F-9364-47C3-9256-64AF0D3137FC}.Release|x64.ActiveCfg = Release|x64
		{A501909F-9364-47C3-9256-64AF0D3137FC}.Release|x64.Build.0 = Release|x64
		{A501909F-9364-47C3-9256-64AF0D3137FC}.Release|x86.ActiveCfg = Release|Win32
		{A501909F-9364-47C3-9256-64AF0D3137FC}.Release|x86.Build.0 = Release|Win32
		{C308E60A-DA06-4D08-AF62-4045BB0B3D41}.Debug|x64.ActiveCfg = Debug|x64
		{C308E60A-DA06-4D08-AF62-4045BB0B3D41}.Debug|x64.Build.0 = Debug|x64
		{C308E60A-DA06-4D08-AF62-4045BB0B3D41}.Debug|x86.ActiveCfg = Debug|Win32
		{C308E60A-DA06-4D08-AF62-4045BB0B3D41}.Debug|x86.Build.0 = Debug|Win32
		{C308E60A-DA06-4D08-AF62-4045BB0B3D41}.Release|x64.ActiveCfg = Release|x64
		{C308E60A-DA06-4D08-AF62-4045BB0B3D41}.Release|x64.Build.0 = Release|x64
		{C308E60A-DA06-4D08-AF62-4045BB0B3D41}.Release|x86.ActiveCfg = Release|Win32
		{C308E60A-DA06-4D08-AF62-4045BB0B3D41}.Release|x86.Build.0 = Release|Win32
		{541880AB-4859-4D85-A7C9-25D9B2C7A2ED}.Debug|x64.ActiveCfg = Debug|x64
		{541880AB-4859-4D85-A7C9-25D9B2C7A2ED}.Debug|x64.Build.0 = Debug|x64
		{541880AB-4859-4D85-A7C9-25D9B2C7A2ED}.Debug|x86.ActiveCfg = Debug|Win32
		{541880AB-4859-4D85-A7C9-25D9B2C7A2ED}.Debug|x86.Build.0 = Debug|Win32
		{541880AB-4859-4D85-A7C9-25D9B2C7A2ED}.Release|x64.ActiveCfg = Release|x64
		{541880AB-4859-4D85-A7C9-25D9B2C7A2ED}.Release|x64.Build.0 = Release|x64
		{541880AB-4859-4D85-A7C9-25D9B2C7A2ED}.Release|x86.ActiveCfg = Release|Win32
		{541880AB-4859-4D85-A7C9-25D9B2C7A2ED}.Release|x86.Build.0 = Release|Win32
		{D5C08195-58F0-4FE4-9135-569C67EF4917}.Debug|x64.ActiveCfg = Debug|x64
		{D5C08195-58F0-4FE4-9135-569C67EF4917}.Debug|x64.Build.0 = Debug|x64
		{D5C08195-58F0-4FE4-9135-569C67EF4917}.Debug|x86.ActiveCfg = Debug|Win32
		{D5C08195-58F0-4FE4-9135-569C67EF4917}.Debug|x86.Build.0 = Debug|Win32
		{D5C08195-58F0-4FE4-9135-569C67EF4917}.Release|x64.ActiveCfg = Release|x64
		{D5C08195-58F0-4FE4-9135-569C67EF4917}.Release|x64.Build.0 = Release|x64
		{D5C08195-58F0-4FE4-9135-569C67EF4917}.Release|x86.ActiveCfg = Release|Win32
		{D5C08195-58F0-4FE4-9135-569C67EF4917}.Release|x86.Build.0 = Release|Win32
		{BD0C22E5-0A1B-432F-86A8-B24260900BCC}.Debug|x64.ActiveCfg = Debug|x64
		{BD0C22E5-0A1B-432F-86A8-B24260900BCC}.Debug|x64.Build.0 = Debug|x64
		{BD0C22E5-0A1B-432F-86A8-B24260900BCC}.Debug|x86.ActiveCfg = Debug|Win32
		{BD0C22E5-0A1B-432F-86A8-B24260900BCC}.Debug|x86.Build.0 = Debug|Win32
		{BD0C22E5-0A1B-432F-86A8-B24260900BCC}.Release|x64.ActiveCfg = Release|x64
		{BD0C22E5-0A1B-432F-86A8-B24260900BCC}.Release|x64.Build.0 = Release|x64
		{BD0C22E5-0A1B-432F-86A8-B24260900BCC}.Release|x86.ActiveCfg = Release|Win32
		{BD0C22E5-0A1B-432F-86A8-B24260900BCC}.Release|x86.Build.0 = Release|Win32
		{B129867A-0C99-469F-95AA-1B2D199F2C6B}.Debug|x64.ActiveCfg = Debug|x64
		{B129867A-0C99-469F-95AA-1B2D199F2C6B}.Debug|x64.Build.0 = Debug|x64
		{B129867A-0C99-469F-95AA-1B2D199F2C6B}.Debug|x86.ActiveCfg = Debug|Win32
		{B129867A-0C99-469F-95AA-1B2D199F2C6B}.Debug|x86.Build.0 = Debug|Win32
		{B129867A-0C99-469F-95AA-1B2D199F2C6B}.Release|x64.ActiveCfg = Release|x64
		{B129867A-0C99-469F-95AA-1B2D199F2C6B}.Release|x64.Build.0 = Release|x64
		{B129867A-0C99-469F-95AA-1B2D199F2C6B}.Release|x86.ActiveCfg = Release|Win32
		{B129867A-0C99-469F-95AA-1B2D199F2C6B}.Release|x86.Build.0 = Release|Win32
		{2FE839BC-687B-4309-B8AB-CBD56D3A39D8}.Debug|x64.ActiveCfg = Debug|x64
		{2FE839BC-687B-4309-B8AB-CBD56D3A39D8}.Debug|x64.Build.0 = Debug|x64
		{2FE839BC-687B-4309-B8AB-CBD56D3A39D8}.Debug|x86.ActiveCfg = Debug|Win32
		{2FE839BC-687B-4309-B8AB-CBD56D3A39D8}.Debug|x86.Build.0 = Debug|Win32
		{2FE839BC-687B-4309-B8AB-CBD56D3A39D8}.Release|x64.ActiveCfg = Release|x64
		{2FE839BC-687B-4309-B8AB-CBD56D3A39D8}.Release|x64.Build.0 = Release|x64
		{2FE839BC-687B-4309-B8AB-CBD56D3A39D8}.Release|x86.ActiveCfg = Release|Win32
		{2FE839BC-687B-4309-B8AB-CBD56D3A39D8}.Release|x86.Build.0 = Release|Win32
		{A4C4659F-46D5-4CB6-A641-C650827885F8}.Debug|x64.ActiveCfg = Debug|x64
		{A4C4659F-46D5-4CB6-A641-C650827885F8}.Debug|x64.Build.0 = Debug|x64
		{A4C4659F-46D5-4CB6-A641-C650827885F8}.Debug|x86.ActiveCfg = Debug|Win32
		{A4C4659F-46D5-4CB6-A641-C650827885F8}.Debug|x86.Build.0 = Debug|Win32
		{A4C4659F-46D5-4CB6-A641-C650827885F8}.Release|x64.ActiveCfg = Release|x64
		{A4C4659F-46D5-4CB6-A641-C650827885F8}.Release|x64.Build.0 = Release|x64
		{A4C4659F-46D5-4CB6-A641-C650827885F8}.Release|x86.ActiveCfg = Release|Win32
		{A4C4659F-46D5-4CB6-A641-C650827885F8}.Release|x86.Build.0 = Release|Win32
		{8143C077-473E-4E88-B758-9DE7A3AF4183}.Debug|x64.ActiveCfg = Debug|x64
		{8143C077-473E-4E88-B758-9DE7A3AF4183}.Debug|x64.Build.0 = Debug|x64
		{8143C077-473E-4E88-B758-9DE7A3AF4183}.Debug|x86.ActiveCfg = Debug|Win32
		{8143C077-473E-4E88-B758-9DE7A3AF4183}.Debug|x86.Build.0 = Debug|Win32
		{8143C077-473E-4E88-B758-9DE7A3AF4183}.Release|x64.ActiveCfg = Release|x64
		{8143C077-473E-4E88-B758-9DE7A3AF4183}.Release|x64.Build.0 = Release|x64
		{8143C077-473E-4E88-B758-9DE7A3AF4183}.Release|x86.ActiveCfg = Release|Win32
		{8143C077-473E-4E88-B758-9DE7A3AF4183}.Release|x86.Build.0 = Release|Win32
		{61A0E0A9-26C6-4F71-9DE6-A910D39AE68D}.Debug|x64.ActiveCfg = Debug|x64
		{61A0E0A9-26C6-4F71-9DE6-A910D39AE68D}.Debug|x64.Build.0 = Debug|x64
		{61A0E0A9-26C6-4F71-9DE6-A910D39AE68D}.Debug|x86.ActiveCfg = Debug|Win32
		{61A0E0A9-26C6-4F71-9DE6-A910D39AE68D}.Debug|x86.Build.0 = Debug|Win32
		{61A0E0A9-26C6-4F71-9DE6-A910D39AE68D}.Release|x64.ActiveCfg = Release|x64
		{61A0E0A9-26C6-4F71-9DE6-A910D39AE68D}.Release|x64.Build.0 = Release|x64
		{61A0E0A9-26C6-4F71-9DE6-A910D39AE68D}.Release|x86.ActiveCfg = Release|Win32
		{61A0E0A9-26C6-4F71-9DE6-A910D39AE68D}.Release|x86.Build.0 = Release|Win32
		{97314765-37FD-4484-A16A-DBACDA0CAD2A}.Debug|x64.ActiveCfg = Debug|x64
		{97314765-37FD-4484-A16A-DBACDA0CAD2A}.Debug|x64.Build.0 = Debug|x64
		{97314765-37FD-4484-A16A-DBACDA0CAD2A}.Debug|x86.ActiveCfg = Debug|Win32
		{97314765-37FD-4484-A16A-DBACDA0CAD2A}.Debug|x86.Build.0 = Debug|Win32
		{97314765-37FD-4484-A16A-DBACDA0CAD2A}.Release|x64.ActiveCfg = Release|x64
		{97314765-37FD-4484-A16A-DBACDA0CAD2A}.Release|x64.Build.0 = Release|x64
		{97314765-37FD-4484-A16A-DBACDA0CAD2A}.Release|x86.ActiveCfg = Release|Win32
		{97314765-37FD-4484-A16A-DBACDA0CAD2A}.Release|x86.Build.0 = Release|Win32
		{3F61985C-A6F9-4B3F-A168-87CDE0DE6C31}.Debug|x64.ActiveCfg = Debug|x64
		{3F61985C-A6F9-4B3F-A168-87CDE0DE6C31}.Debug|x64.Build.0 = Debug|x64
		{3F61985C-A6F9-4B3F-A168-87CDE0DE6C31}.Debug|x86.ActiveCfg = Debug|Win32
		{3F61985C-A6F9-4B3F-A168-87CDE0DE6C31}.Debug|x86.Build.0 = Debug|Win32
		{3F61985C-A6F9-4B3F-A168-87CDE0DE6C31}.Release|x64.ActiveCfg = Release|x64
		{3F61985C-A6F9-4B3F-A168-87CDE0DE6C31}.Release|x64.Build.0 = Release|x64
		{3F61985C-A6F9-4B3F-A168-87CDE0DE6C31}.Release|x86.ActiveCfg = Release|Win32
		{3F61985C-A6F9-4B3F-A168-87CDE0DE6C31}.Release|x86.Build.0 = Release|Win32
	EndGlobalSection
	GlobalSection(SolutionProperties) = preSolution
		HideSolutionNode = FALSE
	EndGlobalSection
	GlobalSection(ExtensibilityGlobals) = postSolution
		SolutionGuid = {70E98969-2F54-4CAD-B7D5-42F130583979}
	EndGlobalSection
EndGlobal
